
Microsoft Visual Studio Solution File, Format Version 12.00
# Visual Studio Version 17
VisualStudioVersion = 17.0.31903.59
MinimumVisualStudioVersion = 10.0.40219.1
Project("{FAE04EC0-301F-11D3-BF4B-00C04F79EFBC}") = "JRead", "..\JRead\JRead.csproj", "{D3D9AAFA-0FD3-44EA-8220-AEC03A7FEBEF}"
EndProject
Project("{FAE04EC0-301F-11D3-BF4B-00C04F79EFBC}") = "JRead.Test", "JRead.Test.csproj", "{0108B730-0663-483C-9246-42DEB221073C}"
EndProject
Global
	GlobalSection(SolutionConfigurationPlatforms) = preSolution
		Debug|Any CPU = Debug|Any CPU
		Debug|x64 = Debug|x64
		Debug|x86 = Debug|x86
		Release|Any CPU = Release|Any CPU
		Release|x64 = Release|x64
		Release|x86 = Release|x86
	EndGlobalSection
	GlobalSection(ProjectConfigurationPlatforms) = postSolution
		{D3D9AAFA-0FD3-44EA-8220-AEC03A7FEBEF}.Debug|Any CPU.ActiveCfg = Debug|Any CPU
		{D3D9AAFA-0FD3-44EA-8220-AEC03A7FEBEF}.Debug|Any CPU.Build.0 = Debug|Any CPU
		{D3D9AAFA-0FD3-44EA-8220-AEC03A7FEBEF}.Debug|x64.ActiveCfg = Debug|Any CPU
		{D3D9AAFA-0FD3-44EA-8220-AEC03A7FEBEF}.Debug|x64.Build.0 = Debug|Any CPU
		{D3D9AAFA-0FD3-44EA-8220-AEC03A7FEBEF}.Debug|x86.ActiveCfg = Debug|Any CPU
		{D3D9AAFA-0FD3-44EA-8220-AEC03A7FEBEF}.Debug|x86.Build.0 = Debug|Any CPU
		{D3D9AAFA-0FD3-44EA-8220-AEC03A7FEBEF}.Release|Any CPU.ActiveCfg = Release|Any CPU
		{D3D9AAFA-0FD3-44EA-8220-AEC03A7FEBEF}.Release|Any CPU.Build.0 = Release|Any CPU
		{D3D9AAFA-0FD3-44EA-8220-AEC03A7FEBEF}.Release|x64.ActiveCfg = Release|Any CPU
		{D3D9AAFA-0FD3-44EA-8220-AEC03A7FEBEF}.Release|x64.Build.0 = Release|Any CPU
		{D3D9AAFA-0FD3-44EA-8220-AEC03A7FEBEF}.Release|x86.ActiveCfg = Release|Any CPU
		{D3D9AAFA-0FD3-44EA-8220-AEC03A7FEBEF}.Release|x86.Build.0 = Release|Any CPU
		{0108B730-0663-483C-9246-42DEB221073C}.Debug|Any CPU.ActiveCfg = Debug|Any CPU
		{0108B730-0663-483C-9246-42DEB221073C}.Debug|Any CPU.Build.0 = Debug|Any CPU
		{0108B730-0663-483C-9246-42DEB221073C}.Debug|x64.ActiveCfg = Debug|Any CPU
		{0108B730-0663-483C-9246-42DEB221073C}.Debug|x64.Build.0 = Debug|Any CPU
		{0108B730-0663-483C-9246-42DEB221073C}.Debug|x86.ActiveCfg = Debug|Any CPU
		{0108B730-0663-483C-9246-42DEB221073C}.Debug|x86.Build.0 = Debug|Any CPU
		{0108B730-0663-483C-9246-42DEB221073C}.Release|Any CPU.ActiveCfg = Release|Any CPU
		{0108B730-0663-483C-9246-42DEB221073C}.Release|Any CPU.Build.0 = Release|Any CPU
		{0108B730-0663-483C-9246-42DEB221073C}.Release|x64.ActiveCfg = Release|Any CPU
		{0108B730-0663-483C-9246-42DEB221073C}.Release|x64.Build.0 = Release|Any CPU
		{0108B730-0663-483C-9246-42DEB221073C}.Release|x86.ActiveCfg = Release|Any CPU
		{0108B730-0663-483C-9246-42DEB221073C}.Release|x86.Build.0 = Release|Any CPU
	EndGlobalSection
	GlobalSection(SolutionProperties) = preSolution
		HideSolutionNode = FALSE
	EndGlobalSection
EndGlobal
